{
  "requires": true,
  "lockfileVersion": 1,
  "dependencies": {
    "skycons-ts": {
      "version": "0.1.0",
      "resolved": "https://registry.npmjs.org/skycons-ts/-/skycons-ts-0.1.0.tgz",
      "integrity": "sha512-WNaWveV2LMQ1e/RZKdlWlfcN6Rgy9BWr+1unpRkLP2n2Y/15Q96gXBSK9jTmgROo/V+y3veKtLxRdw9CtZ0D3A=="
    }
  }
}
